<?xml version="1.0" encoding="utf-8"?>
<Project ToolsVersion="4.0" xmlns="http://schemas.microsoft.com/developer/msbuild/2003">
  <ItemGroup>
    <Filter Include="源文件">
      <UniqueIdentifier>{4FC737F1-C7A5-4376-A066-2A32D752A2FF}</UniqueIdentifier>
      <Extensions>cpp;c;cc;cxx;c++;cppm;ixx;def;odl;idl;hpj;bat;asm;asmx</Extensions>
    </Filter>
    <Filter Include="头文件">
      <UniqueIdentifier>{93995380-89BD-4b04-88EB-625FBE52EBFB}</UniqueIdentifier>
      <Extensions>h;hh;hpp;hxx;h++;hm;inl;inc;ipp;xsd</Extensions>
    </Filter>
    <Filter Include="资源文件">
      <UniqueIdentifier>{67DA6AB6-F800-4c08-8B7A-83BB121AAD01}</UniqueIdentifier>
      <Extensions>rc;ico;cur;bmp;dlg;rc2;rct;bin;rgs;gif;jpg;jpeg;jpe;resx;tiff;tif;png;wav;mfcribbon-ms</Extensions>
    </Filter>
  </ItemGroup>
  <ItemGroup>
    <ClCompile Include="game.cpp">
      <Filter>源文件</Filter>
    </ClCompile>
    <ClCompile Include="main.cpp">
      <Filter>源文件</Filter>
    </ClCompile>
    <ClCompile Include="maze.cpp">
      <Filter>源文件</Filter>
    </ClCompile>
    <ClCompile Include="music_game.cpp">
      <Filter>源文件</Filter>
    </ClCompile>
    <ClCompile Include="music_core.cpp">
      <Filter>源文件</Filter>
    </ClCompile>
    <ClCompile Include="shooter_game.cpp">
      <Filter>源文件</Filter>
    </ClCompile>
    <ClCompile Include="miniaudio_imple.cpp">
      <Filter>源文件</Filter>
    </ClCompile>
    <ClCompile Include="MusicManager.cpp">
      <Filter>源文件</Filter>
    </ClCompile>
    <ClCompile Include="snake_game.cpp">
      <Filter>源文件</Filter>
    </ClCompile>
  </ItemGroup>
  <ItemGroup>
    <ClInclude Include="game.h">
      <Filter>头文件</Filter>
    </ClInclude>
    <ClInclude Include="maze.h">
      <Filter>头文件</Filter>
    </ClInclude>
    <ClInclude Include="music_game.h">
      <Filter>头文件</Filter>
    </ClInclude>
    <ClInclude Include="MusicPlayer.h">
      <Filter>头文件</Filter>
    </ClInclude>
    <ClInclude Include="ChartLoader.h">
      <Filter>头文件</Filter>
    </ClInclude>
    <ClInclude Include="shooter_game.h">
      <Filter>头文件</Filter>
    </ClInclude>
    <ClInclude Include="MusicManager.h">
      <Filter>头文件</Filter>
    </ClInclude>
    <ClInclude Include="miniaudio.h">
      <Filter>头文件</Filter>
    </ClInclude>
    <ClInclude Include="snake_game.h">
      <Filter>头文件</Filter>
    </ClInclude>
  </ItemGroup>
  <ItemGroup>
    <None Include="charts\example.chart" />
    <None Include="charts\n-buna_because_summer_will_end.chart" />
    <None Include="charts\r-906_manimani.chart" />
    <None Include="charts\yorushika_paddle.chart" />
    <None Include="charts\zutomayo_justice.chart" />
    <None Include=".DS_Store" />
    <None Include="Makefile" />
    <None Include="gpteam24_game" />
  </ItemGroup>
  <ItemGroup>
    <Media Include="music\fight_bg.mp3" />
    <Media Include="music\maze_bg.mp3" />
    <Media Include="music\menu_bg.mp3" />
    <Media Include="music\n-buna_because_summer_will_end.mp3" />
    <Media Include="music\r-906_manimani.mp3" />
    <Media Include="music\shooter_bg.mp3" />
    <Media Include="music\yorushika_paddle.mp3" />
    <Media Include="music\zutomayo_justice.mp3" />
    <Media Include="music\snake_bg.mp3" />
  </ItemGroup>
  <ItemGroup>
    <Text Include="save.txt" />
  </ItemGroup>
</Project>